
Microsoft Visual Studio Solution File, Format Version 12.00
# Visual Studio 14
VisualStudioVersion = 14.0.24720.0
MinimumVisualStudioVersion = 10.0.40219.1
Project("{FAE04EC0-301F-11D3-BF4B-00C04F79EFBC}") = "Mary_Thomas_SSE662_Project1_a", "Mary_Thomas_SSE662_Project1_a\Mary_Thomas_SSE662_Project1_a.csproj", "{97E0E8AB-E6D9-4602-8464-9A0065F673A6}"
EndProject
Project("{FAE04EC0-301F-11D3-BF4B-00C04F79EFBC}") = "Mary_Thomas_SSE662_Project1_aTests", "Mary_Thomas_SSE662_Project1_aTests\Mary_Thomas_SSE662_Project1_aTests.csproj", "{95E425DD-D420-49FC-8B6E-7C15B783C0D6}"
EndProject
Global
	GlobalSection(SolutionConfigurationPlatforms) = preSolution
		Debug|Any CPU = Debug|Any CPU
		Release|Any CPU = Release|Any CPU
	EndGlobalSection
	GlobalSection(ProjectConfigurationPlatforms) = postSolution
		{97E0E8AB-E6D9-4602-8464-9A0065F673A6}.Debug|Any CPU.ActiveCfg = Debug|Any CPU
		{97E0E8AB-E6D9-4602-8464-9A0065F673A6}.Debug|Any CPU.Build.0 = Debug|Any CPU
		{97E0E8AB-E6D9-4602-8464-9A0065F673A6}.Release|Any CPU.ActiveCfg = Release|Any CPU
		{97E0E8AB-E6D9-4602-8464-9A0065F673A6}.Release|Any CPU.Build.0 = Release|Any CPU
		{95E425DD-D420-49FC-8B6E-7C15B783C0D6}.Debug|Any CPU.ActiveCfg = Debug|Any CPU
		{95E425DD-D420-49FC-8B6E-7C15B783C0D6}.Debug|Any CPU.Build.0 = Debug|Any CPU
		{95E425DD-D420-49FC-8B6E-7C15B783C0D6}.Release|Any CPU.ActiveCfg = Release|Any CPU
		{95E425DD-D420-49FC-8B6E-7C15B783C0D6}.Release|Any CPU.Build.0 = Release|Any CPU
	EndGlobalSection
	GlobalSection(SolutionProperties) = preSolution
		HideSolutionNode = FALSE
	EndGlobalSection
EndGlobal
